// !$*UTF8*$!
{
	archiveVersion = 1;
	classes = {
	};
	objectVersion = 50;
	objects = {

/* Begin PBXBuildFile section */
		26A1FA3920C8547700821D16 /* AppDelegate.swift in Sources */ = {isa = PBXBuildFile; fileRef = 26A1FA3820C8547700821D16 /* AppDelegate.swift */; };
		26A1FA3B20C8547700821D16 /* ViewController.swift in Sources */ = {isa = PBXBuildFile; fileRef = 26A1FA3A20C8547700821D16 /* ViewController.swift */; };
		26A1FA3E20C8547700821D16 /* Main.storyboard in Resources */ = {isa = PBXBuildFile; fileRef = 26A1FA3C20C8547700821D16 /* Main.storyboard */; };
		26A1FA4120C8547700821D16 /* MemoPad.xcdatamodeld in Sources */ = {isa = PBXBuildFile; fileRef = 26A1FA3F20C8547700821D16 /* MemoPad.xcdatamodeld */; };
		26A1FA4320C8547800821D16 /* Assets.xcassets in Resources */ = {isa = PBXBuildFile; fileRef = 26A1FA4220C8547800821D16 /* Assets.xcassets */; };
		26A1FA4620C8547800821D16 /* LaunchScreen.storyboard in Resources */ = {isa = PBXBuildFile; fileRef = 26A1FA4420C8547800821D16 /* LaunchScreen.storyboard */; };
		26A1FA4E20C854D000821D16 /* MemoViewController.swift in Sources */ = {isa = PBXBuildFile; fileRef = 26A1FA4D20C854D000821D16 /* MemoViewController.swift */; };
		26A1FA5020C9049700821D16 /* memoImg.png in Resources */ = {isa = PBXBuildFile; fileRef = 26A1FA4F20C9049700821D16 /* memoImg.png */; };
/* End PBXBuildFile section */

/* Begin PBXFileReference section */
		26A1FA3520C8547700821D16 /* MemoPad.app */ = {isa = PBXFileReference; explicitFileType = wrapper.application; includeInIndex = 0; path = MemoPad.app; sourceTree = BUILT_PRODUCTS_DIR; };
		26A1FA3820C8547700821D16 /* AppDelegate.swift */ = {isa = PBXFileReference; lastKnownFileType = sourcecode.swift; path = AppDelegate.swift; sourceTree = "<group>"; };
		26A1FA3A20C8547700821D16 /* ViewController.swift */ = {isa = PBXFileReference; lastKnownFileType = sourcecode.swift; path = ViewController.swift; sourceTree = "<group>"; };
		26A1FA3D20C8547700821D16 /* Base */ = {isa = PBXFileReference; lastKnownFileType = file.storyboard; name = Base; path = Base.lproj/Main.storyboard; sourceTree = "<group>"; };
		26A1FA4020C8547700821D16 /* MemoPad.xcdatamodel */ = {isa = PBXFileReference; lastKnownFileType = wrapper.xcdatamodel; path = MemoPad.xcdatamodel; sourceTree = "<group>"; };
		26A1FA4220C8547800821D16 /* Assets.xcassets */ = {isa = PBXFileReference; lastKnownFileType = folder.assetcatalog; path = Assets.xcassets; sourceTree = "<group>"; };
		26A1FA4520C8547800821D16 /* Base */ = {isa = PBXFileReference; lastKnownFileType = file.storyboard; name = Base; path = Base.lproj/LaunchScreen.storyboard; sourceTree = "<group>"; };
		26A1FA4720C8547800821D16 /* Info.plist */ = {isa = PBXFileReference; lastKnownFileType = text.plist.xml; path = Info.plist; sourceTree = "<group>"; };
		26A1FA4D20C854D000821D16 /* MemoViewController.swift */ = {isa = PBXFileReference; lastKnownFileType = sourcecode.swift; path = MemoViewController.swift; sourceTree = "<group>"; };
		26A1FA4F20C9049700821D16 /* memoImg.png */ = {isa = PBXFileReference; lastKnownFileType = image.png; path = memoImg.png; sourceTree = "<group>"; };
/* End PBXFileReference section */

/* Begin PBXFrameworksBuildPhase section */
		26A1FA3220C8547700821D16 /* Frameworks */ = {
			isa = PBXFrameworksBuildPhase;
			buildActionMask = 2147483647;
			files = (
			);
			runOnlyForDeploymentPostprocessing = 0;
		};
/* End PBXFrameworksBuildPhase section */

/* Begin PBXGroup section */
		26A1FA2C20C8547700821D16 = {
			isa = PBXGroup;
			children = (
				26A1FA3720C8547700821D16 /* MemoPad */,
				26A1FA3620C8547700821D16 /* Products */,
			);
			sourceTree = "<group>";
		};
		26A1FA3620C8547700821D16 /* Products */ = {
			isa = PBXGroup;
			children = (
				26A1FA3520C8547700821D16 /* MemoPad.app */,
			);
			name = Products;
			sourceTree = "<group>";
		};
		26A1FA3720C8547700821D16 /* MemoPad */ = {
			isa = PBXGroup;
			children = (
				26A1FA4F20C9049700821D16 /* memoImg.png */,
				26A1FA3820C8547700821D16 /* AppDelegate.swift */,
				26A1FA3A20C8547700821D16 /* ViewController.swift */,
				26A1FA3C20C8547700821D16 /* Main.storyboard */,
				26A1FA4220C8547800821D16 /* Assets.xcassets */,
				26A1FA4420C8547800821D16 /* LaunchScreen.storyboard */,
				26A1FA4720C8547800821D16 /* Info.plist */,
				26A1FA3F20C8547700821D16 /* MemoPad.xcdatamodeld */,
				26A1FA4D20C854D000821D16 /* MemoViewController.swift */,
			);
			path = MemoPad;
			sourceTree = "<group>";
		};
/* End PBXGroup section */

/* Begin PBXNativeTarget section */
		26A1FA3420C8547700821D16 /* MemoPad */ = {
			isa = PBXNativeTarget;
			buildConfigurationList = 26A1FA4A20C8547800821D16 /* Build configuration list for PBXNativeTarget "MemoPad" */;
			buildPhases = (
				26A1FA3120C8547700821D16 /* Sources */,
				26A1FA3220C8547700821D16 /* Frameworks */,
				26A1FA3320C8547700821D16 /* Resources */,
			);
			buildRules = (
			);
			dependencies = (
			);
			name = MemoPad;
			productName = MemoPad;
			productReference = 26A1FA3520C8547700821D16 /* MemoPad.app */;
			productType = "com.apple.product-type.application";
		};
/* End PBXNativeTarget section */

/* Begin PBXProject section */
		26A1FA2D20C8547700821D16 /* Project object */ = {
			isa = PBXProject;
			attributes = {
				LastSwiftUpdateCheck = 0940;
				LastUpgradeCheck = 0940;
				ORGANIZATIONNAME = RioYoshikawa;
				TargetAttributes = {
					26A1FA3420C8547700821D16 = {
						CreatedOnToolsVersion = 9.4;
					};
				};
			};
			buildConfigurationList = 26A1FA3020C8547700821D16 /* Build configuration list for PBXProject "MemoPad" */;
			compatibilityVersion = "Xcode 9.3";
			developmentRegion = en;
			hasScannedForEncodings = 0;
			knownRegions = (
				en,
				Base,
			);
			mainGroup = 26A1FA2C20C8547700821D16;
			productRefGroup = 26A1FA3620C8547700821D16 /* Products */;
			projectDirPath = "";
			projectRoot = "";
			targets = (
				26A1FA3420C8547700821D16 /* MemoPad */,
			);
		};
/* End PBXProject section */

/* Begin PBXResourcesBuildPhase section */
		26A1FA3320C8547700821D16 /* Resources */ = {
			isa = PBXResourcesBuildPhase;
			buildActionMask = 2147483647;
			files = (
				26A1FA4620C8547800821D16 /* LaunchScreen.storyboard in Resources */,
				26A1FA5020C9049700821D16 /* memoImg.png in Resources */,
				26A1FA4320C8547800821D16 /* Assets.xcassets in Resources */,
				26A1FA3E20C8547700821D16 /* Main.storyboard in Resources */,
			);
			runOnlyForDeploymentPostprocessing = 0;
		};
/* End PBXResourcesBuildPhase section */

/* Begin PBXSourcesBuildPhase section */
		26A1FA3120C8547700821D16 /* Sources */ = {
			isa = PBXSourcesBuildPhase;
			buildActionMask = 2147483647;
			files = (
				26A1FA4E20C854D000821D16 /* MemoViewController.swift in Sources */,
				26A1FA3B20C8547700821D16 /* ViewController.swift in Sources */,
				26A1FA4120C8547700821D16 /* MemoPad.xcdatamodeld in Sources */,
				26A1FA3920C8547700821D16 /* AppDelegate.swift in Sources */,
			);
			runOnlyForDeploymentPostprocessing = 0;
		};
/* End PBXSourcesBuildPhase section */

/* Begin PBXVariantGroup section */
		26A1FA3C20C8547700821D16 /* Main.storyboard */ = {
			isa = PBXVariantGroup;
			children = (
				26A1FA3D20C8547700821D16 /* Base */,
			);
			name = Main.storyboard;
			sourceTree = "<group>";
		};
		26A1FA4420C8547800821D16 /* LaunchScreen.storyboard */ = {
			isa = PBXVariantGroup;
			children = (
				26A1FA4520C8547800821D16 /* Base */,
			);
			name = LaunchScreen.storyboard;
			sourceTree = "<group>";
		};
/* End PBXVariantGroup section */

/* Begin XCBuildConfiguration section */
		26A1FA4820C8547800821D16 /* Debug */ = {
			isa = XCBuildConfiguration;
			buildSettings = {
				ALWAYS_SEARCH_USER_PATHS = NO;
				CLANG_ANALYZER_NONNULL = YES;
				CLANG_ANALYZER_NUMBER_OBJECT_CONVERSION = YES_AGGRESSIVE;
				CLANG_CXX_LANGUAGE_STANDARD = "gnu++14";
				CLANG_CXX_LIBRARY = "libc++";
				CLANG_ENABLE_MODULES = YES;
				CLANG_ENABLE_OBJC_ARC = YES;
				CLANG_ENABLE_OBJC_WEAK = YES;
				CLANG_WARN_BLOCK_CAPTURE_AUTORELEASING = YES;
				CLANG_WARN_BOOL_CONVERSION = YES;
				CLANG_WARN_COMMA = YES;
				CLANG_WARN_CONSTANT_CONVERSION = YES;
				CLANG_WARN_DEPRECATED_OBJC_IMPLEMENTATIONS = YES;
				CLANG_WARN_DIRECT_OBJC_ISA_USAGE = YES_ERROR;
				CLANG_WARN_DOCUMENTATION_COMMENTS = YES;
				CLANG_WARN_EMPTY_BODY = YES;
				CLANG_WARN_ENUM_CONVERSION = YES;
				CLANG_WARN_INFINITE_RECURSION = YES;
				CLANG_WARN_INT_CONVERSION = YES;
				CLANG_WARN_NON_LITERAL_NULL_CONVERSION = YES;
				CLANG_WARN_OBJC_IMPLICIT_RETAIN_SELF = YES;
				CLANG_WARN_OBJC_LITERAL_CONVERSION = YES;
				CLANG_WARN_OBJC_ROOT_CLASS = YES_ERROR;
				CLANG_WARN_RANGE_LOOP_ANALYSIS = YES;
				CLANG_WARN_STRICT_PROTOTYPES = YES;
				CLANG_WARN_SUSPICIOUS_MOVE = YES;
				CLANG_WARN_UNGUARDED_AVAILABILITY = YES_AGGRESSIVE;
				CLANG_WARN_UNREACHABLE_CODE = YES;
				CLANG_WARN__DUPLICATE_METHOD_MATCH = YES;
				CODE_SIGN_IDENTITY = "iPhone Developer";
				COPY_PHASE_STRIP = NO;
				DEBUG_INFORMATION_FORMAT = dwarf;
				ENABLE_STRICT_OBJC_MSGSEND = YES;
				ENABLE_TESTABILITY = YES;
				GCC_C_LANGUAGE_STANDARD = gnu11;
				GCC_DYNAMIC_NO_PIC = NO;
				GCC_NO_COMMON_BLOCKS = YES;
				GCC_OPTIMIZATION_LEVEL = 0;
				GCC_PREPROCESSOR_DEFINITIONS = (
					"DEBUG=1",
					"$(inherited)",
				);
				GCC_WARN_64_TO_32_BIT_CONVERSION = YES;
				GCC_WARN_ABOUT_RETURN_TYPE = YES_ERROR;
				GCC_WARN_UNDECLARED_SELECTOR = YES;
				GCC_WARN_UNINITIALIZED_AUTOS = YES_AGGRESSIVE;
				GCC_WARN_UNUSED_FUNCTION = YES;
				GCC_WARN_UNUSED_VARIABLE = YES;
				IPHONEOS_DEPLOYMENT_TARGET = 11.4;
				MTL_ENABLE_DEBUG_INFO = YES;
				ONLY_ACTIVE_ARCH = YES;
				SDKROOT = iphoneos;
				SWIFT_ACTIVE_COMPILATION_CONDITIONS = DEBUG;
				SWIFT_OPTIMIZATION_LEVEL = "-Onone";
			};
			name = Debug;
		};
		26A1FA4920C8547800821D16 /* Release */ = {
			isa = XCBuildConfiguration;
			buildSettings = {
				ALWAYS_SEARCH_USER_PATHS = NO;
				CLANG_ANALYZER_NONNULL = YES;
				CLANG_ANALYZER_NUMBER_OBJECT_CONVERSION = YES_AGGRESSIVE;
				CLANG_CXX_LANGUAGE_STANDARD = "gnu++14";
				CLANG_CXX_LIBRARY = "libc++";
				CLANG_ENABLE_MODULES = YES;
				CLANG_ENABLE_OBJC_ARC = YES;
				CLANG_ENABLE_OBJC_WEAK = YES;
				CLANG_WARN_BLOCK_CAPTURE_AUTORELEASING = YES;
				CLANG_WARN_BOOL_CONVERSION = YES;
				CLANG_WARN_COMMA = YES;
				CLANG_WARN_CONSTANT_CONVERSION = YES;
				CLANG_WARN_DEPRECATED_OBJC_IMPLEMENTATIONS = YES;
				CLANG_WARN_DIRECT_OBJC_ISA_USAGE = YES_ERROR;
				CLANG_WARN_DOCUMENTATION_COMMENTS = YES;
				CLANG_WARN_EMPTY_BODY = YES;
				CLANG_WARN_ENUM_CONVERSION = YES;
				CLANG_WARN_INFINITE_RECURSION = YES;
				CLANG_WARN_INT_CONVERSION = YES;
				CLANG_WARN_NON_LITERAL_NULL_CONVERSION = YES;
				CLANG_WARN_OBJC_IMPLICIT_RETAIN_SELF = YES;
				CLANG_WARN_OBJC_LITERAL_CONVERSION = YES;
				CLANG_WARN_OBJC_ROOT_CLASS = YES_ERROR;
				CLANG_WARN_RANGE_LOOP_ANALYSIS = YES;
				CLANG_WARN_STRICT_PROTOTYPES = YES;
				CLANG_WARN_SUSPICIOUS_MOVE = YES;
				CLANG_WARN_UNGUARDED_AVAILABILITY = YES_AGGRESSIVE;
				CLANG_WARN_UNREACHABLE_CODE = YES;
				CLANG_WARN__DUPLICATE_METHOD_MATCH = YES;
				CODE_SIGN_IDENTITY = "iPhone Developer";
				COPY_PHASE_STRIP = NO;
				DEBUG_INFORMATION_FORMAT = "dwarf-with-dsym";
				ENABLE_NS_ASSERTIONS = NO;
				ENABLE_STRICT_OBJC_MSGSEND = YES;
				GCC_C_LANGUAGE_STANDARD = gnu11;
				GCC_NO_COMMON_BLOCKS = YES;
				GCC_WARN_64_TO_32_BIT_CONVERSION = YES;
				GCC_WARN_ABOUT_RETURN_TYPE = YES_ERROR;
				GCC_WARN_UNDECLARED_SELECTOR = YES;
				GCC_WARN_UNINITIALIZED_AUTOS = YES_AGGRESSIVE;
				GCC_WARN_UNUSED_FUNCTION = YES;
				GCC_WARN_UNUSED_VARIABLE = YES;
				IPHONEOS_DEPLOYMENT_TARGET = 11.4;
				MTL_ENABLE_DEBUG_INFO = NO;
				SDKROOT = iphoneos;
				SWIFT_COMPILATION_MODE = wholemodule;
				SWIFT_OPTIMIZATION_LEVEL = "-O";
				VALIDATE_PRODUCT = YES;
			};
			name = Release;
		};
		26A1FA4B20C8547800821D16 /* Debug */ = {
			isa = XCBuildConfiguration;
			buildSettings = {
				ASSETCATALOG_COMPILER_APPICON_NAME = AppIcon;
				CODE_SIGN_STYLE = Automatic;
				INFOPLIST_FILE = MemoPad/Info.plist;
				LD_RUNPATH_SEARCH_PATHS = (
					"$(inherited)",
					"@executable_path/Frameworks",
				);
				PRODUCT_BUNDLE_IDENTIFIER = chas.MemoPad;
				PRODUCT_NAME = "$(TARGET_NAME)";
				SWIFT_VERSION = 4.0;
				TARGETED_DEVICE_FAMILY = "1,2";
			};
			name = Debug;
		};
		26A1FA4C20C8547800821D16 /* Release */ = {
			isa = XCBuildConfiguration;
			buildSettings = {
				ASSETCATALOG_COMPILER_APPICON_NAME = AppIcon;
				CODE_SIGN_STYLE = Automatic;
				INFOPLIST_FILE = MemoPad/Info.plist;
				LD_RUNPATH_SEARCH_PATHS = (
					"$(inherited)",
					"@executable_path/Frameworks",
				);
				PRODUCT_BUNDLE_IDENTIFIER = chas.MemoPad;
				PRODUCT_NAME = "$(TARGET_NAME)";
				SWIFT_VERSION = 4.0;
				TARGETED_DEVICE_FAMILY = "1,2";
			};
			name = Release;
		};
/* End XCBuildConfiguration section */

/* Begin XCConfigurationList section */
		26A1FA3020C8547700821D16 /* Build configuration list for PBXProject "MemoPad" */ = {
			isa = XCConfigurationList;
			buildConfigurations = (
				26A1FA4820C8547800821D16 /* Debug */,
				26A1FA4920C8547800821D16 /* Release */,
			);
			defaultConfigurationIsVisible = 0;
			defaultConfigurationName = Release;
		};
		26A1FA4A20C8547800821D16 /* Build configuration list for PBXNativeTarget "MemoPad" */ = {
			isa = XCConfigurationList;
			buildConfigurations = (
				26A1FA4B20C8547800821D16 /* Debug */,
				26A1FA4C20C8547800821D16 /* Release */,
			);
			defaultConfigurationIsVisible = 0;
			defaultConfigurationName = Release;
		};
/* End XCConfigurationList section */

/* Begin XCVersionGroup section */
		26A1FA3F20C8547700821D16 /* MemoPad.xcdatamodeld */ = {
			isa = XCVersionGroup;
			children = (
				26A1FA4020C8547700821D16 /* MemoPad.xcdatamodel */,
			);
			currentVersion = 26A1FA4020C8547700821D16 /* MemoPad.xcdatamodel */;
			path = MemoPad.xcdatamodeld;
			sourceTree = "<group>";
			versionGroupType = wrapper.xcdatamodel;
		};
/* End XCVersionGroup section */
	};
	rootObject = 26A1FA2D20C8547700821D16 /* Project object */;
}
